// !$*UTF8*$!
{
	archiveVersion = 1;
	classes = {
	};
	objectVersion = 54;
	objects = {

/* Begin PBXBuildFile section */
		1A03868E272325CF00C281A4 /* Models.swift in Sources */ = {isa = PBXBuildFile; fileRef = 1A03868D272325CF00C281A4 /* Models.swift */; };
		1A03A2DD26F5B406007113E5 /* AppDelegate.swift in Sources */ = {isa = PBXBuildFile; fileRef = 1A03A2DC26F5B406007113E5 /* AppDelegate.swift */; };
		1A03A2DF26F5B406007113E5 /* SceneDelegate.swift in Sources */ = {isa = PBXBuildFile; fileRef = 1A03A2DE26F5B406007113E5 /* SceneDelegate.swift */; };
		1A03A2E126F5B406007113E5 /* MainVC.swift in Sources */ = {isa = PBXBuildFile; fileRef = 1A03A2E026F5B406007113E5 /* MainVC.swift */; };
		1A03A2E426F5B406007113E5 /* Main.storyboard in Resources */ = {isa = PBXBuildFile; fileRef = 1A03A2E226F5B406007113E5 /* Main.storyboard */; };
		1A03A2E626F5B407007113E5 /* Assets.xcassets in Resources */ = {isa = PBXBuildFile; fileRef = 1A03A2E526F5B407007113E5 /* Assets.xcassets */; };
		1A03A2E926F5B407007113E5 /* LaunchScreen.storyboard in Resources */ = {isa = PBXBuildFile; fileRef = 1A03A2E726F5B407007113E5 /* LaunchScreen.storyboard */; };
		1A03A2F726F6EA0E007113E5 /* TextField.xib in Resources */ = {isa = PBXBuildFile; fileRef = 1A03A2F626F6EA0E007113E5 /* TextField.xib */; };
		1A03A2FA26F6EE53007113E5 /* SetTextFields.swift in Sources */ = {isa = PBXBuildFile; fileRef = 1A03A2F926F6EE53007113E5 /* SetTextFields.swift */; };
		1A03A2FE26F6F4C2007113E5 /* SFProDisplay-Regular.ttf in Resources */ = {isa = PBXBuildFile; fileRef = 1A03A2FC26F6F4C2007113E5 /* SFProDisplay-Regular.ttf */; };
		1A03A2FF26F6F4C2007113E5 /* SFProDisplay-Bold.ttf in Resources */ = {isa = PBXBuildFile; fileRef = 1A03A2FD26F6F4C2007113E5 /* SFProDisplay-Bold.ttf */; };
		1A03A30226FC543E007113E5 /* UIView+NibLoading+Border.swift in Sources */ = {isa = PBXBuildFile; fileRef = 1A03A30126FC543E007113E5 /* UIView+NibLoading+Border.swift */; };
		1A03A30526FDA596007113E5 /* UITextField+Border.swift in Sources */ = {isa = PBXBuildFile; fileRef = 1A03A30426FDA596007113E5 /* UITextField+Border.swift */; };
		1A37ED592758F6E800653E29 /* NoDigit.swift in Sources */ = {isa = PBXBuildFile; fileRef = 1A37ED582758F6E800653E29 /* NoDigit.swift */; };
		1A37ED5B2758F72200653E29 /* LimitCharacter.swift in Sources */ = {isa = PBXBuildFile; fileRef = 1A37ED5A2758F72200653E29 /* LimitCharacter.swift */; };
		1A37ED5D2758F73C00653E29 /* OnlyCharacter.swift in Sources */ = {isa = PBXBuildFile; fileRef = 1A37ED5C2758F73C00653E29 /* OnlyCharacter.swift */; };
		1A37ED5F2758F75700653E29 /* Link.swift in Sources */ = {isa = PBXBuildFile; fileRef = 1A37ED5E2758F75700653E29 /* Link.swift */; };
		1A37ED612758F77300653E29 /* PasswordValidation.swift in Sources */ = {isa = PBXBuildFile; fileRef = 1A37ED602758F77300653E29 /* PasswordValidation.swift */; };
		1A37ED63275A150300653E29 /* NoDigit.storyboard in Resources */ = {isa = PBXBuildFile; fileRef = 1A37ED62275A150300653E29 /* NoDigit.storyboard */; };
		1A37ED65275A191700653E29 /* LimitCharacter.storyboard in Resources */ = {isa = PBXBuildFile; fileRef = 1A37ED64275A191700653E29 /* LimitCharacter.storyboard */; };
		1A37ED67275A38D100653E29 /* OnlyCharacter.storyboard in Resources */ = {isa = PBXBuildFile; fileRef = 1A37ED66275A38D100653E29 /* OnlyCharacter.storyboard */; };
		1A37ED69275A38E500653E29 /* Link.storyboard in Resources */ = {isa = PBXBuildFile; fileRef = 1A37ED68275A38E500653E29 /* Link.storyboard */; };
		1A37ED6B275A38F600653E29 /* Password.storyboard in Resources */ = {isa = PBXBuildFile; fileRef = 1A37ED6A275A38F600653E29 /* Password.storyboard */; };
		1A471EDA271B4D440066CCB5 /* UILabel+SafeText.swift in Sources */ = {isa = PBXBuildFile; fileRef = 1A471ED9271B4D440066CCB5 /* UILabel+SafeText.swift */; };
		1A553854275F81370056D3A5 /* Text_FieldsUITests.swift in Sources */ = {isa = PBXBuildFile; fileRef = 1A553853275F81370056D3A5 /* Text_FieldsUITests.swift */; };
		1A553856275F81370056D3A5 /* Text_FieldsUITestsLaunchTests.swift in Sources */ = {isa = PBXBuildFile; fileRef = 1A553855275F81370056D3A5 /* Text_FieldsUITestsLaunchTests.swift */; };
		1A55385E2760C7CF0056D3A5 /* MainViewController.swift in Sources */ = {isa = PBXBuildFile; fileRef = 1A55385D2760C7CF0056D3A5 /* MainViewController.swift */; };
		1A5538612761B2FC0056D3A5 /* CustomPassValidation.swift in Sources */ = {isa = PBXBuildFile; fileRef = 1A5538602761B2FC0056D3A5 /* CustomPassValidation.swift */; };
		1A5538632761D49C0056D3A5 /* IDElements.swift in Sources */ = {isa = PBXBuildFile; fileRef = 1A5538622761D49C0056D3A5 /* IDElements.swift */; };
		1A55386527636CA60056D3A5 /* TitleView.swift in Sources */ = {isa = PBXBuildFile; fileRef = 1A55386427636CA60056D3A5 /* TitleView.swift */; };
		1A553FB7273CB345001A03AF /* RegularExpression+Matches.swift in Sources */ = {isa = PBXBuildFile; fileRef = 1A553FB6273CB345001A03AF /* RegularExpression+Matches.swift */; };
		1A63CEB627C0AE6F005FE3D6 /* Localizable.strings in Resources */ = {isa = PBXBuildFile; fileRef = 1A63CEB427C0AE6F005FE3D6 /* Localizable.strings */; };
		1A772609274BBE4E00851677 /* CustomPasswordValidation.swift in Sources */ = {isa = PBXBuildFile; fileRef = 1A772608274BBE4E00851677 /* CustomPasswordValidation.swift */; };
		1A77260B274DD26600851677 /* String+StringComparison.swift in Sources */ = {isa = PBXBuildFile; fileRef = 1A77260A274DD26600851677 /* String+StringComparison.swift */; };
		1A7C75F82737F32B002634F1 /* Pods_Text_Fields.framework in Frameworks */ = {isa = PBXBuildFile; fileRef = 98F835EF893B7EA92357512D /* Pods_Text_Fields.framework */; };
		1A9A63E2275C7FD200C32557 /* Text_FieldsUnitTests.swift in Sources */ = {isa = PBXBuildFile; fileRef = 1A9A63E1275C7FD200C32557 /* Text_FieldsUnitTests.swift */; };
		1AA344DE2732622600F8F6BA /* String+NSDataDetector.swift in Sources */ = {isa = PBXBuildFile; fileRef = 1AA344DD2732622600F8F6BA /* String+NSDataDetector.swift */; };
		1AB8951E2764732900DC9216 /* NoDigitVC.swift in Sources */ = {isa = PBXBuildFile; fileRef = 1AB8951D2764732900DC9216 /* NoDigitVC.swift */; };
		1AB895202764743800DC9216 /* TestNoDigit.swift in Sources */ = {isa = PBXBuildFile; fileRef = 1AB8951F2764743800DC9216 /* TestNoDigit.swift */; };
		1AB8952227649A1500DC9216 /* TestLimitCharacter.swift in Sources */ = {isa = PBXBuildFile; fileRef = 1AB8952127649A1500DC9216 /* TestLimitCharacter.swift */; };
		1AB8952427649B8300DC9216 /* LimitCharacterVC.swift in Sources */ = {isa = PBXBuildFile; fileRef = 1AB8952327649B8300DC9216 /* LimitCharacterVC.swift */; };
		1AD11E8D274FA87E00D255A2 /* R.generated.swift in Sources */ = {isa = PBXBuildFile; fileRef = 1AD11E8C274FA87E00D255A2 /* R.generated.swift */; };
		1AD11E94274FBD8000D255A2 /* Localizable.strings in Resources */ = {isa = PBXBuildFile; fileRef = 1AD11E96274FBD8000D255A2 /* Localizable.strings */; };
		1AD11E9D2750BE4B00D255A2 /* Localization.swift in Sources */ = {isa = PBXBuildFile; fileRef = 1AD11E9C2750BE4B00D255A2 /* Localization.swift */; };
		1AE534F6276610D300E07F83 /* OnlyCharVC.swift in Sources */ = {isa = PBXBuildFile; fileRef = 1AE534F5276610D300E07F83 /* OnlyCharVC.swift */; };
		1AE534F82766118900E07F83 /* TestOnlyChat.swift in Sources */ = {isa = PBXBuildFile; fileRef = 1AE534F72766118900E07F83 /* TestOnlyChat.swift */; };
		1AE534FA2766156800E07F83 /* LinkVC.swift in Sources */ = {isa = PBXBuildFile; fileRef = 1AE534F92766156800E07F83 /* LinkVC.swift */; };
		1AE534FC276615DF00E07F83 /* TestLink.swift in Sources */ = {isa = PBXBuildFile; fileRef = 1AE534FB276615DF00E07F83 /* TestLink.swift */; };
		1AE534FE27662B3F00E07F83 /* PasswordVC.swift in Sources */ = {isa = PBXBuildFile; fileRef = 1AE534FD27662B3F00E07F83 /* PasswordVC.swift */; };
		1AE5350027662BDA00E07F83 /* TestPassword.swift in Sources */ = {isa = PBXBuildFile; fileRef = 1AE534FF27662BDA00E07F83 /* TestPassword.swift */; };
/* End PBXBuildFile section */

/* Begin PBXContainerItemProxy section */
		1A553857275F81370056D3A5 /* PBXContainerItemProxy */ = {
			isa = PBXContainerItemProxy;
			containerPortal = 1A03A2D126F5B406007113E5 /* Project object */;
			proxyType = 1;
			remoteGlobalIDString = 1A03A2D826F5B406007113E5;
			remoteInfo = "Text Fields";
		};
		1A9A63E3275C7FD200C32557 /* PBXContainerItemProxy */ = {
			isa = PBXContainerItemProxy;
			containerPortal = 1A03A2D126F5B406007113E5 /* Project object */;
			proxyType = 1;
			remoteGlobalIDString = 1A03A2D826F5B406007113E5;
			remoteInfo = "Text Fields";
		};
/* End PBXContainerItemProxy section */

/* Begin PBXFileReference section */
		1A03868D272325CF00C281A4 /* Models.swift */ = {isa = PBXFileReference; lastKnownFileType = sourcecode.swift; path = Models.swift; sourceTree = "<group>"; };
		1A03A2D926F5B406007113E5 /* Text Fields.app */ = {isa = PBXFileReference; explicitFileType = wrapper.application; includeInIndex = 0; path = "Text Fields.app"; sourceTree = BUILT_PRODUCTS_DIR; };
		1A03A2DC26F5B406007113E5 /* AppDelegate.swift */ = {isa = PBXFileReference; lastKnownFileType = sourcecode.swift; path = AppDelegate.swift; sourceTree = "<group>"; };
		1A03A2DE26F5B406007113E5 /* SceneDelegate.swift */ = {isa = PBXFileReference; lastKnownFileType = sourcecode.swift; path = SceneDelegate.swift; sourceTree = "<group>"; };
		1A03A2E026F5B406007113E5 /* MainVC.swift */ = {isa = PBXFileReference; lastKnownFileType = sourcecode.swift; path = MainVC.swift; sourceTree = "<group>"; };
		1A03A2E326F5B406007113E5 /* Base */ = {isa = PBXFileReference; lastKnownFileType = file.storyboard; name = Base; path = Base.lproj/Main.storyboard; sourceTree = "<group>"; };
		1A03A2E526F5B407007113E5 /* Assets.xcassets */ = {isa = PBXFileReference; lastKnownFileType = folder.assetcatalog; path = Assets.xcassets; sourceTree = "<group>"; };
		1A03A2E826F5B407007113E5 /* Base */ = {isa = PBXFileReference; lastKnownFileType = file.storyboard; name = Base; path = Base.lproj/LaunchScreen.storyboard; sourceTree = "<group>"; };
		1A03A2EA26F5B407007113E5 /* Info.plist */ = {isa = PBXFileReference; lastKnownFileType = text.plist.xml; path = Info.plist; sourceTree = "<group>"; };
		1A03A2F626F6EA0E007113E5 /* TextField.xib */ = {isa = PBXFileReference; lastKnownFileType = file.xib; path = TextField.xib; sourceTree = "<group>"; };
		1A03A2F926F6EE53007113E5 /* SetTextFields.swift */ = {isa = PBXFileReference; lastKnownFileType = sourcecode.swift; path = SetTextFields.swift; sourceTree = "<group>"; };
		1A03A2FC26F6F4C2007113E5 /* SFProDisplay-Regular.ttf */ = {isa = PBXFileReference; lastKnownFileType = file; path = "SFProDisplay-Regular.ttf"; sourceTree = "<group>"; };
		1A03A2FD26F6F4C2007113E5 /* SFProDisplay-Bold.ttf */ = {isa = PBXFileReference; lastKnownFileType = file; path = "SFProDisplay-Bold.ttf"; sourceTree = "<group>"; };
		1A03A30126FC543E007113E5 /* UIView+NibLoading+Border.swift */ = {isa = PBXFileReference; lastKnownFileType = sourcecode.swift; path = "UIView+NibLoading+Border.swift"; sourceTree = "<group>"; };
		1A03A30426FDA596007113E5 /* UITextField+Border.swift */ = {isa = PBXFileReference; lastKnownFileType = sourcecode.swift; path = "UITextField+Border.swift"; sourceTree = "<group>"; };
		1A37ED582758F6E800653E29 /* NoDigit.swift */ = {isa = PBXFileReference; lastKnownFileType = sourcecode.swift; path = NoDigit.swift; sourceTree = "<group>"; };
		1A37ED5A2758F72200653E29 /* LimitCharacter.swift */ = {isa = PBXFileReference; lastKnownFileType = sourcecode.swift; path = LimitCharacter.swift; sourceTree = "<group>"; };
		1A37ED5C2758F73C00653E29 /* OnlyCharacter.swift */ = {isa = PBXFileReference; lastKnownFileType = sourcecode.swift; path = OnlyCharacter.swift; sourceTree = "<group>"; };
		1A37ED5E2758F75700653E29 /* Link.swift */ = {isa = PBXFileReference; lastKnownFileType = sourcecode.swift; path = Link.swift; sourceTree = "<group>"; };
		1A37ED602758F77300653E29 /* PasswordValidation.swift */ = {isa = PBXFileReference; lastKnownFileType = sourcecode.swift; path = PasswordValidation.swift; sourceTree = "<group>"; };
		1A37ED62275A150300653E29 /* NoDigit.storyboard */ = {isa = PBXFileReference; lastKnownFileType = file.storyboard; path = NoDigit.storyboard; sourceTree = "<group>"; };
		1A37ED64275A191700653E29 /* LimitCharacter.storyboard */ = {isa = PBXFileReference; lastKnownFileType = file.storyboard; path = LimitCharacter.storyboard; sourceTree = "<group>"; };
		1A37ED66275A38D100653E29 /* OnlyCharacter.storyboard */ = {isa = PBXFileReference; lastKnownFileType = file.storyboard; path = OnlyCharacter.storyboard; sourceTree = "<group>"; };
		1A37ED68275A38E500653E29 /* Link.storyboard */ = {isa = PBXFileReference; lastKnownFileType = file.storyboard; path = Link.storyboard; sourceTree = "<group>"; };
		1A37ED6A275A38F600653E29 /* Password.storyboard */ = {isa = PBXFileReference; lastKnownFileType = file.storyboard; path = Password.storyboard; sourceTree = "<group>"; };
		1A471ED9271B4D440066CCB5 /* UILabel+SafeText.swift */ = {isa = PBXFileReference; lastKnownFileType = sourcecode.swift; path = "UILabel+SafeText.swift"; sourceTree = "<group>"; };
		1A553851275F81370056D3A5 /* Text FieldsUITests.xctest */ = {isa = PBXFileReference; explicitFileType = wrapper.cfbundle; includeInIndex = 0; path = "Text FieldsUITests.xctest"; sourceTree = BUILT_PRODUCTS_DIR; };
		1A553853275F81370056D3A5 /* Text_FieldsUITests.swift */ = {isa = PBXFileReference; lastKnownFileType = sourcecode.swift; path = Text_FieldsUITests.swift; sourceTree = "<group>"; };
		1A553855275F81370056D3A5 /* Text_FieldsUITestsLaunchTests.swift */ = {isa = PBXFileReference; lastKnownFileType = sourcecode.swift; path = Text_FieldsUITestsLaunchTests.swift; sourceTree = "<group>"; };
		1A55385D2760C7CF0056D3A5 /* MainViewController.swift */ = {isa = PBXFileReference; lastKnownFileType = sourcecode.swift; path = MainViewController.swift; sourceTree = "<group>"; };
		1A5538602761B2FC0056D3A5 /* CustomPassValidation.swift */ = {isa = PBXFileReference; lastKnownFileType = sourcecode.swift; path = CustomPassValidation.swift; sourceTree = "<group>"; };
		1A5538622761D49C0056D3A5 /* IDElements.swift */ = {isa = PBXFileReference; lastKnownFileType = sourcecode.swift; path = IDElements.swift; sourceTree = "<group>"; };
		1A55386427636CA60056D3A5 /* TitleView.swift */ = {isa = PBXFileReference; lastKnownFileType = sourcecode.swift; path = TitleView.swift; sourceTree = "<group>"; };
		1A553FB6273CB345001A03AF /* RegularExpression+Matches.swift */ = {isa = PBXFileReference; lastKnownFileType = sourcecode.swift; path = "RegularExpression+Matches.swift"; sourceTree = "<group>"; };
		1A63CEB527C0AE6F005FE3D6 /* en */ = {isa = PBXFileReference; lastKnownFileType = text.plist.strings; name = en; path = Localization/en.lproj/Localizable.strings; sourceTree = SOURCE_ROOT; };
		1A63CEB727C0AE77005FE3D6 /* zh-HK */ = {isa = PBXFileReference; lastKnownFileType = text.plist.strings; name = "zh-HK"; path = "../Localization/zh-HK.lproj/Localizable.strings"; sourceTree = "<group>"; };
		1A63CEB827C0AE79005FE3D6 /* ru */ = {isa = PBXFileReference; lastKnownFileType = text.plist.strings; name = ru; path = ../Localization/ru.lproj/Localizable.strings; sourceTree = "<group>"; };
		1A63CEB927C0AE7C005FE3D6 /* es */ = {isa = PBXFileReference; lastKnownFileType = text.plist.strings; name = es; path = ../Localization/es.lproj/Localizable.strings; sourceTree = "<group>"; };
		1A63CEBA27C0AE7E005FE3D6 /* uk */ = {isa = PBXFileReference; lastKnownFileType = text.plist.strings; name = uk; path = ../Localization/uk.lproj/Localizable.strings; sourceTree = "<group>"; };
		1A772608274BBE4E00851677 /* CustomPasswordValidation.swift */ = {isa = PBXFileReference; lastKnownFileType = sourcecode.swift; path = CustomPasswordValidation.swift; sourceTree = "<group>"; };
		1A77260A274DD26600851677 /* String+StringComparison.swift */ = {isa = PBXFileReference; lastKnownFileType = sourcecode.swift; path = "String+StringComparison.swift"; sourceTree = "<group>"; };
		1A9A63DF275C7FD200C32557 /* Text FieldsUnitTests.xctest */ = {isa = PBXFileReference; explicitFileType = wrapper.cfbundle; includeInIndex = 0; path = "Text FieldsUnitTests.xctest"; sourceTree = BUILT_PRODUCTS_DIR; };
		1A9A63E1275C7FD200C32557 /* Text_FieldsUnitTests.swift */ = {isa = PBXFileReference; lastKnownFileType = sourcecode.swift; path = Text_FieldsUnitTests.swift; sourceTree = "<group>"; };
		1AA344DD2732622600F8F6BA /* String+NSDataDetector.swift */ = {isa = PBXFileReference; lastKnownFileType = sourcecode.swift; path = "String+NSDataDetector.swift"; sourceTree = "<group>"; };
		1AB8951D2764732900DC9216 /* NoDigitVC.swift */ = {isa = PBXFileReference; lastKnownFileType = sourcecode.swift; path = NoDigitVC.swift; sourceTree = "<group>"; };
		1AB8951F2764743800DC9216 /* TestNoDigit.swift */ = {isa = PBXFileReference; lastKnownFileType = sourcecode.swift; path = TestNoDigit.swift; sourceTree = "<group>"; };
		1AB8952127649A1500DC9216 /* TestLimitCharacter.swift */ = {isa = PBXFileReference; lastKnownFileType = sourcecode.swift; path = TestLimitCharacter.swift; sourceTree = "<group>"; };
		1AB8952327649B8300DC9216 /* LimitCharacterVC.swift */ = {isa = PBXFileReference; lastKnownFileType = sourcecode.swift; path = LimitCharacterVC.swift; sourceTree = "<group>"; };
		1AC2F1A12754D3B0009B3009 /* zh-HK */ = {isa = PBXFileReference; lastKnownFileType = text.plist.strings; name = "zh-HK"; path = "zh-HK.lproj/Localizable.strings"; sourceTree = "<group>"; };
		1AD11E8C274FA87E00D255A2 /* R.generated.swift */ = {isa = PBXFileReference; fileEncoding = 4; lastKnownFileType = sourcecode.swift; name = R.generated.swift; path = Resources/R.generated.swift; sourceTree = SOURCE_ROOT; };
		1AD11E95274FBD8000D255A2 /* ru */ = {isa = PBXFileReference; lastKnownFileType = text.plist.strings; name = ru; path = ru.lproj/Localizable.strings; sourceTree = "<group>"; };
		1AD11E9B2750B82800D255A2 /* en */ = {isa = PBXFileReference; lastKnownFileType = text.plist.strings; name = en; path = en.lproj/Localizable.strings; sourceTree = "<group>"; };
		1AD11E9C2750BE4B00D255A2 /* Localization.swift */ = {isa = PBXFileReference; lastKnownFileType = sourcecode.swift; path = Localization.swift; sourceTree = "<group>"; };
		1AD11E9F2750CBA000D255A2 /* es */ = {isa = PBXFileReference; lastKnownFileType = text.plist.strings; name = es; path = es.lproj/Localizable.strings; sourceTree = "<group>"; };
		1AD11EA12750CE7F00D255A2 /* uk */ = {isa = PBXFileReference; lastKnownFileType = text.plist.strings; name = uk; path = uk.lproj/Localizable.strings; sourceTree = "<group>"; };
		1AE534F5276610D300E07F83 /* OnlyCharVC.swift */ = {isa = PBXFileReference; lastKnownFileType = sourcecode.swift; path = OnlyCharVC.swift; sourceTree = "<group>"; };
		1AE534F72766118900E07F83 /* TestOnlyChat.swift */ = {isa = PBXFileReference; lastKnownFileType = sourcecode.swift; path = TestOnlyChat.swift; sourceTree = "<group>"; };
		1AE534F92766156800E07F83 /* LinkVC.swift */ = {isa = PBXFileReference; lastKnownFileType = sourcecode.swift; path = LinkVC.swift; sourceTree = "<group>"; };
		1AE534FB276615DF00E07F83 /* TestLink.swift */ = {isa = PBXFileReference; lastKnownFileType = sourcecode.swift; path = TestLink.swift; sourceTree = "<group>"; };
		1AE534FD27662B3F00E07F83 /* PasswordVC.swift */ = {isa = PBXFileReference; lastKnownFileType = sourcecode.swift; path = PasswordVC.swift; sourceTree = "<group>"; };
		1AE534FF27662BDA00E07F83 /* TestPassword.swift */ = {isa = PBXFileReference; lastKnownFileType = sourcecode.swift; path = TestPassword.swift; sourceTree = "<group>"; };
		98F835EF893B7EA92357512D /* Pods_Text_Fields.framework */ = {isa = PBXFileReference; explicitFileType = wrapper.framework; includeInIndex = 0; path = Pods_Text_Fields.framework; sourceTree = BUILT_PRODUCTS_DIR; };
		CCC8C73A26850CED292C1E43 /* Pods-Text Fields.release.xcconfig */ = {isa = PBXFileReference; includeInIndex = 1; lastKnownFileType = text.xcconfig; name = "Pods-Text Fields.release.xcconfig"; path = "Target Support Files/Pods-Text Fields/Pods-Text Fields.release.xcconfig"; sourceTree = "<group>"; };
		D94EB36A461526E9999CB28F /* Pods-Text Fields.debug.xcconfig */ = {isa = PBXFileReference; includeInIndex = 1; lastKnownFileType = text.xcconfig; name = "Pods-Text Fields.debug.xcconfig"; path = "Target Support Files/Pods-Text Fields/Pods-Text Fields.debug.xcconfig"; sourceTree = "<group>"; };
/* End PBXFileReference section */

/* Begin PBXFrameworksBuildPhase section */
		1A03A2D626F5B406007113E5 /* Frameworks */ = {
			isa = PBXFrameworksBuildPhase;
			buildActionMask = 2147483647;
			files = (
				1A7C75F82737F32B002634F1 /* Pods_Text_Fields.framework in Frameworks */,
			);
			runOnlyForDeploymentPostprocessing = 0;
		};
		1A55384E275F81370056D3A5 /* Frameworks */ = {
			isa = PBXFrameworksBuildPhase;
			buildActionMask = 2147483647;
			files = (
			);
			runOnlyForDeploymentPostprocessing = 0;
		};
		1A9A63DC275C7FD200C32557 /* Frameworks */ = {
			isa = PBXFrameworksBuildPhase;
			buildActionMask = 2147483647;
			files = (
			);
			runOnlyForDeploymentPostprocessing = 0;
		};
/* End PBXFrameworksBuildPhase section */

/* Begin PBXGroup section */
		1A03A2D026F5B406007113E5 = {
			isa = PBXGroup;
			children = (
				1A03A2DB26F5B406007113E5 /* Text Fields */,
				1A03A2F326F5B4A4007113E5 /* Supporting Files */,
				1AF00E6B27DF578800486607 /* Resources */,
				1A9A63E0275C7FD200C32557 /* Text FieldsUnitTests */,
				1A553852275F81370056D3A5 /* Text FieldsUITests */,
				1A03A2DA26F5B406007113E5 /* Products */,
				EA50B4596736FCD4CB242708 /* Pods */,
				1FF03A75C22B41C84F892071 /* Frameworks */,
			);
			sourceTree = "<group>";
		};
		1A03A2DA26F5B406007113E5 /* Products */ = {
			isa = PBXGroup;
			children = (
				1A03A2D926F5B406007113E5 /* Text Fields.app */,
				1A9A63DF275C7FD200C32557 /* Text FieldsUnitTests.xctest */,
				1A553851275F81370056D3A5 /* Text FieldsUITests.xctest */,
			);
			name = Products;
			sourceTree = "<group>";
		};
		1A03A2DB26F5B406007113E5 /* Text Fields */ = {
			isa = PBXGroup;
			children = (
				1A53F6E5279667170044F02D /* Custom TextField */,
				1A03A2F126F5B465007113E5 /* Views */,
				1A03A2F026F5B444007113E5 /* Controllers */,
			);
			path = "Text Fields";
			sourceTree = "<group>";
		};
		1A03A2F026F5B444007113E5 /* Controllers */ = {
			isa = PBXGroup;
			children = (
				1A03A2E026F5B406007113E5 /* MainVC.swift */,
				1A37ED582758F6E800653E29 /* NoDigit.swift */,
				1A37ED5A2758F72200653E29 /* LimitCharacter.swift */,
				1A37ED5C2758F73C00653E29 /* OnlyCharacter.swift */,
				1A37ED5E2758F75700653E29 /* Link.swift */,
				1A37ED602758F77300653E29 /* PasswordValidation.swift */,
			);
			path = Controllers;
			sourceTree = "<group>";
		};
		1A03A2F126F5B465007113E5 /* Views */ = {
			isa = PBXGroup;
			children = (
				1A37ED6C275A3D1600653E29 /* View */,
				1A03A2F826F6EDF4007113E5 /* Custom View */,
			);
			path = Views;
			sourceTree = "<group>";
		};
		1A03A2F226F5B477007113E5 /* Models */ = {
			isa = PBXGroup;
			children = (
				1A03868D272325CF00C281A4 /* Models.swift */,
				1A772608274BBE4E00851677 /* CustomPasswordValidation.swift */,
			);
			path = Models;
			sourceTree = "<group>";
		};
		1A03A2F326F5B4A4007113E5 /* Supporting Files */ = {
			isa = PBXGroup;
			children = (
				1A03A2EA26F5B407007113E5 /* Info.plist */,
				1A03A2DE26F5B406007113E5 /* SceneDelegate.swift */,
				1A03A2DC26F5B406007113E5 /* AppDelegate.swift */,
			);
			path = "Supporting Files";
			sourceTree = "<group>";
		};
		1A03A2F826F6EDF4007113E5 /* Custom View */ = {
			isa = PBXGroup;
			children = (
				1A55386427636CA60056D3A5 /* TitleView.swift */,
			);
			path = "Custom View";
			sourceTree = "<group>";
		};
		1A03A2FB26F6F3C0007113E5 /* Fonts */ = {
			isa = PBXGroup;
			children = (
				1A03A2FD26F6F4C2007113E5 /* SFProDisplay-Bold.ttf */,
				1A03A2FC26F6F4C2007113E5 /* SFProDisplay-Regular.ttf */,
			);
			path = Fonts;
			sourceTree = "<group>";
		};
		1A03A30026FC53FE007113E5 /* Extensions */ = {
			isa = PBXGroup;
			children = (
				1A55385C2760C7480056D3A5 /* Accessibility */,
			);
			path = Extensions;
			sourceTree = "<group>";
		};
		1A37ED6C275A3D1600653E29 /* View */ = {
			isa = PBXGroup;
			children = (
				1A03A2E226F5B406007113E5 /* Main.storyboard */,
				1A37ED62275A150300653E29 /* NoDigit.storyboard */,
				1A37ED64275A191700653E29 /* LimitCharacter.storyboard */,
				1A37ED66275A38D100653E29 /* OnlyCharacter.storyboard */,
				1A37ED68275A38E500653E29 /* Link.storyboard */,
				1A37ED6A275A38F600653E29 /* Password.storyboard */,
				1A03A2E726F5B407007113E5 /* LaunchScreen.storyboard */,
			);
			path = View;
			sourceTree = "<group>";
		};
		1A53F6E5279667170044F02D /* Custom TextField */ = {
			isa = PBXGroup;
			children = (
				1A03A2F226F5B477007113E5 /* Models */,
				1A5F81E32798864F003032A4 /* Custom View */,
				1A53F6E6279667880044F02D /* Extension */,
			);
			path = "Custom TextField";
			sourceTree = "<group>";
		};
		1A53F6E6279667880044F02D /* Extension */ = {
			isa = PBXGroup;
			children = (
				1A03A30126FC543E007113E5 /* UIView+NibLoading+Border.swift */,
				1A03A30426FDA596007113E5 /* UITextField+Border.swift */,
				1A471ED9271B4D440066CCB5 /* UILabel+SafeText.swift */,
				1AA344DD2732622600F8F6BA /* String+NSDataDetector.swift */,
				1A553FB6273CB345001A03AF /* RegularExpression+Matches.swift */,
				1A77260A274DD26600851677 /* String+StringComparison.swift */,
			);
			path = Extension;
			sourceTree = "<group>";
		};
		1A553852275F81370056D3A5 /* Text FieldsUITests */ = {
			isa = PBXGroup;
			children = (
				1A553853275F81370056D3A5 /* Text_FieldsUITests.swift */,
				1AB8951F2764743800DC9216 /* TestNoDigit.swift */,
				1AB8952127649A1500DC9216 /* TestLimitCharacter.swift */,
				1AE534F72766118900E07F83 /* TestOnlyChat.swift */,
				1AE534FB276615DF00E07F83 /* TestLink.swift */,
				1AE534FF27662BDA00E07F83 /* TestPassword.swift */,
				1A553855275F81370056D3A5 /* Text_FieldsUITestsLaunchTests.swift */,
				1A5538622761D49C0056D3A5 /* IDElements.swift */,
				1A63CEB427C0AE6F005FE3D6 /* Localizable.strings */,
			);
			path = "Text FieldsUITests";
			sourceTree = "<group>";
		};
		1A55385C2760C7480056D3A5 /* Accessibility */ = {
			isa = PBXGroup;
			children = (
				1A55385D2760C7CF0056D3A5 /* MainViewController.swift */,
				1AB8951D2764732900DC9216 /* NoDigitVC.swift */,
				1AB8952327649B8300DC9216 /* LimitCharacterVC.swift */,
				1AE534F5276610D300E07F83 /* OnlyCharVC.swift */,
				1AE534F92766156800E07F83 /* LinkVC.swift */,
				1AE534FD27662B3F00E07F83 /* PasswordVC.swift */,
				1A5538602761B2FC0056D3A5 /* CustomPassValidation.swift */,
			);
			path = Accessibility;
			sourceTree = "<group>";
		};
		1A5F81E32798864F003032A4 /* Custom View */ = {
			isa = PBXGroup;
			children = (
				1A03A2F926F6EE53007113E5 /* SetTextFields.swift */,
				1A03A2F626F6EA0E007113E5 /* TextField.xib */,
			);
			path = "Custom View";
			sourceTree = "<group>";
		};
		1A9A63E0275C7FD200C32557 /* Text FieldsUnitTests */ = {
			isa = PBXGroup;
			children = (
				1A9A63E1275C7FD200C32557 /* Text_FieldsUnitTests.swift */,
			);
			path = "Text FieldsUnitTests";
			sourceTree = "<group>";
		};
		1AD11E91274FBC4700D255A2 /* Localization */ = {
			isa = PBXGroup;
			children = (
				1AD11E96274FBD8000D255A2 /* Localizable.strings */,
				1AD11E9C2750BE4B00D255A2 /* Localization.swift */,
			);
			path = Localization;
			sourceTree = "<group>";
		};
		1AF00E6B27DF578800486607 /* Resources */ = {
			isa = PBXGroup;
			children = (
				1AD11E8C274FA87E00D255A2 /* R.generated.swift */,
				1A03A2E526F5B407007113E5 /* Assets.xcassets */,
				1A03A2FB26F6F3C0007113E5 /* Fonts */,
				1A03A30026FC53FE007113E5 /* Extensions */,
				1AD11E91274FBC4700D255A2 /* Localization */,
			);
			path = Resources;
			sourceTree = "<group>";
		};
		1FF03A75C22B41C84F892071 /* Frameworks */ = {
			isa = PBXGroup;
			children = (
				98F835EF893B7EA92357512D /* Pods_Text_Fields.framework */,
			);
			name = Frameworks;
			sourceTree = "<group>";
		};
		EA50B4596736FCD4CB242708 /* Pods */ = {
			isa = PBXGroup;
			children = (
				D94EB36A461526E9999CB28F /* Pods-Text Fields.debug.xcconfig */,
				CCC8C73A26850CED292C1E43 /* Pods-Text Fields.release.xcconfig */,
			);
			path = Pods;
			sourceTree = "<group>";
		};
/* End PBXGroup section */

/* Begin PBXNativeTarget section */
		1A03A2D826F5B406007113E5 /* Text Fields */ = {
			isa = PBXNativeTarget;
			buildConfigurationList = 1A03A2ED26F5B407007113E5 /* Build configuration list for PBXNativeTarget "Text Fields" */;
			buildPhases = (
				57CCD65585E4BF4E78F0FA43 /* [CP] Check Pods Manifest.lock */,
				1A69665E273A57980085DF8E /* R.swift */,
				1A03A2D526F5B406007113E5 /* Sources */,
				1A03A2D626F5B406007113E5 /* Frameworks */,
				1A03A2D726F5B406007113E5 /* Resources */,
				1A03A30326FC94F1007113E5 /* Swift lint */,
				B92A2348F7BFF7897FD8F580 /* [CP] Embed Pods Frameworks */,
			);
			buildRules = (
			);
			dependencies = (
			);
			name = "Text Fields";
			productName = "Text Fields";
			productReference = 1A03A2D926F5B406007113E5 /* Text Fields.app */;
			productType = "com.apple.product-type.application";
		};
		1A553850275F81370056D3A5 /* Text FieldsUITests */ = {
			isa = PBXNativeTarget;
			buildConfigurationList = 1A55385B275F81370056D3A5 /* Build configuration list for PBXNativeTarget "Text FieldsUITests" */;
			buildPhases = (
				1A55384D275F81370056D3A5 /* Sources */,
				1A55384E275F81370056D3A5 /* Frameworks */,
				1A55384F275F81370056D3A5 /* Resources */,
			);
			buildRules = (
			);
			dependencies = (
				1A553858275F81370056D3A5 /* PBXTargetDependency */,
			);
			name = "Text FieldsUITests";
			productName = "Text FieldsUITests";
			productReference = 1A553851275F81370056D3A5 /* Text FieldsUITests.xctest */;
			productType = "com.apple.product-type.bundle.ui-testing";
		};
		1A9A63DE275C7FD200C32557 /* Text FieldsUnitTests */ = {
			isa = PBXNativeTarget;
			buildConfigurationList = 1A9A63E7275C7FD200C32557 /* Build configuration list for PBXNativeTarget "Text FieldsUnitTests" */;
			buildPhases = (
				1A9A63DB275C7FD200C32557 /* Sources */,
				1A9A63DC275C7FD200C32557 /* Frameworks */,
				1A9A63DD275C7FD200C32557 /* Resources */,
			);
			buildRules = (
			);
			dependencies = (
				1A9A63E4275C7FD200C32557 /* PBXTargetDependency */,
			);
			name = "Text FieldsUnitTests";
			productName = "Text FieldsUnitTests";
			productReference = 1A9A63DF275C7FD200C32557 /* Text FieldsUnitTests.xctest */;
			productType = "com.apple.product-type.bundle.unit-test";
		};
/* End PBXNativeTarget section */

/* Begin PBXProject section */
		1A03A2D126F5B406007113E5 /* Project object */ = {
			isa = PBXProject;
			attributes = {
				LastSwiftUpdateCheck = 1310;
				LastUpgradeCheck = 1250;
				TargetAttributes = {
					1A03A2D826F5B406007113E5 = {
						CreatedOnToolsVersion = 12.5;
					};
					1A553850275F81370056D3A5 = {
						CreatedOnToolsVersion = 13.1;
						TestTargetID = 1A03A2D826F5B406007113E5;
					};
					1A9A63DE275C7FD200C32557 = {
						CreatedOnToolsVersion = 13.1;
						TestTargetID = 1A03A2D826F5B406007113E5;
					};
				};
			};
			buildConfigurationList = 1A03A2D426F5B406007113E5 /* Build configuration list for PBXProject "Text Fields" */;
			compatibilityVersion = "Xcode 9.3";
			developmentRegion = en;
			hasScannedForEncodings = 0;
			knownRegions = (
				en,
				Base,
				ru,
				es,
				uk,
				"zh-HK",
			);
			mainGroup = 1A03A2D026F5B406007113E5;
			productRefGroup = 1A03A2DA26F5B406007113E5 /* Products */;
			projectDirPath = "";
			projectRoot = "";
			targets = (
				1A03A2D826F5B406007113E5 /* Text Fields */,
				1A9A63DE275C7FD200C32557 /* Text FieldsUnitTests */,
				1A553850275F81370056D3A5 /* Text FieldsUITests */,
			);
		};
/* End PBXProject section */

/* Begin PBXResourcesBuildPhase section */
		1A03A2D726F5B406007113E5 /* Resources */ = {
			isa = PBXResourcesBuildPhase;
			buildActionMask = 2147483647;
			files = (
				1A37ED67275A38D100653E29 /* OnlyCharacter.storyboard in Resources */,
				1A37ED69275A38E500653E29 /* Link.storyboard in Resources */,
				1A03A2E926F5B407007113E5 /* LaunchScreen.storyboard in Resources */,
				1AD11E94274FBD8000D255A2 /* Localizable.strings in Resources */,
				1A03A2E626F5B407007113E5 /* Assets.xcassets in Resources */,
				1A37ED6B275A38F600653E29 /* Password.storyboard in Resources */,
				1A03A2E426F5B406007113E5 /* Main.storyboard in Resources */,
				1A03A2FF26F6F4C2007113E5 /* SFProDisplay-Bold.ttf in Resources */,
				1A03A2FE26F6F4C2007113E5 /* SFProDisplay-Regular.ttf in Resources */,
				1A03A2F726F6EA0E007113E5 /* TextField.xib in Resources */,
				1A37ED63275A150300653E29 /* NoDigit.storyboard in Resources */,
				1A37ED65275A191700653E29 /* LimitCharacter.storyboard in Resources */,
			);
			runOnlyForDeploymentPostprocessing = 0;
		};
		1A55384F275F81370056D3A5 /* Resources */ = {
			isa = PBXResourcesBuildPhase;
			buildActionMask = 2147483647;
			files = (
				1A63CEB627C0AE6F005FE3D6 /* Localizable.strings in Resources */,
			);
			runOnlyForDeploymentPostprocessing = 0;
		};
		1A9A63DD275C7FD200C32557 /* Resources */ = {
			isa = PBXResourcesBuildPhase;
			buildActionMask = 2147483647;
			files = (
			);
			runOnlyForDeploymentPostprocessing = 0;
		};
/* End PBXResourcesBuildPhase section */

/* Begin PBXShellScriptBuildPhase section */
		1A03A30326FC94F1007113E5 /* Swift lint */ = {
			isa = PBXShellScriptBuildPhase;
			buildActionMask = 2147483647;
			files = (
			);
			inputFileListPaths = (
			);
			inputPaths = (
			);
			name = "Swift lint";
			outputFileListPaths = (
			);
			outputPaths = (
			);
			runOnlyForDeploymentPostprocessing = 0;
			shellPath = /bin/sh;
			shellScript = "if which swiftlint >/dev/null; then\n  swiftlint\nelse\n  echo \"error: SwiftLint does not exist, download it from https://github.com/realm/SwiftLint\"\n  exit 1\nfi\n\n";
		};
		1A69665E273A57980085DF8E /* R.swift */ = {
			isa = PBXShellScriptBuildPhase;
			alwaysOutOfDate = 1;
			buildActionMask = 2147483647;
			files = (
			);
			inputFileListPaths = (
			);
			inputPaths = (
				"$TEMP_DIR/rswift-lastrun",
			);
			name = R.swift;
			outputFileListPaths = (
			);
			outputPaths = (
				$SRCROOT/R.generated.swift,
			);
			runOnlyForDeploymentPostprocessing = 0;
			shellPath = /bin/sh;
			shellScript = "\"$PODS_ROOT/R.swift/rswift\" generate \"$SRCROOT/R.generated.swift\"\n\n";
		};
		57CCD65585E4BF4E78F0FA43 /* [CP] Check Pods Manifest.lock */ = {
			isa = PBXShellScriptBuildPhase;
			buildActionMask = 2147483647;
			files = (
			);
			inputFileListPaths = (
			);
			inputPaths = (
				"${PODS_PODFILE_DIR_PATH}/Podfile.lock",
				"${PODS_ROOT}/Manifest.lock",
			);
			name = "[CP] Check Pods Manifest.lock";
			outputFileListPaths = (
			);
			outputPaths = (
				"$(DERIVED_FILE_DIR)/Pods-Text Fields-checkManifestLockResult.txt",
			);
			runOnlyForDeploymentPostprocessing = 0;
			shellPath = /bin/sh;
			shellScript = "diff \"${PODS_PODFILE_DIR_PATH}/Podfile.lock\" \"${PODS_ROOT}/Manifest.lock\" > /dev/null\nif [ $? != 0 ] ; then\n    # print error to STDERR\n    echo \"error: The sandbox is not in sync with the Podfile.lock. Run 'pod install' or update your CocoaPods installation.\" >&2\n    exit 1\nfi\n# This output is used by Xcode 'outputs' to avoid re-running this script phase.\necho \"SUCCESS\" > \"${SCRIPT_OUTPUT_FILE_0}\"\n";
			showEnvVarsInLog = 0;
		};
		B92A2348F7BFF7897FD8F580 /* [CP] Embed Pods Frameworks */ = {
			isa = PBXShellScriptBuildPhase;
			buildActionMask = 2147483647;
			files = (
			);
			inputFileListPaths = (
				"${PODS_ROOT}/Target Support Files/Pods-Text Fields/Pods-Text Fields-frameworks-${CONFIGURATION}-input-files.xcfilelist",
			);
			name = "[CP] Embed Pods Frameworks";
			outputFileListPaths = (
				"${PODS_ROOT}/Target Support Files/Pods-Text Fields/Pods-Text Fields-frameworks-${CONFIGURATION}-output-files.xcfilelist",
			);
			runOnlyForDeploymentPostprocessing = 0;
			shellPath = /bin/sh;
			shellScript = "\"${PODS_ROOT}/Target Support Files/Pods-Text Fields/Pods-Text Fields-frameworks.sh\"\n";
			showEnvVarsInLog = 0;
		};
/* End PBXShellScriptBuildPhase section */

/* Begin PBXSourcesBuildPhase section */
		1A03A2D526F5B406007113E5 /* Sources */ = {
			isa = PBXSourcesBuildPhase;
			buildActionMask = 2147483647;
			files = (
				1A772609274BBE4E00851677 /* CustomPasswordValidation.swift in Sources */,
				1AB8951E2764732900DC9216 /* NoDigitVC.swift in Sources */,
				1A37ED612758F77300653E29 /* PasswordValidation.swift in Sources */,
				1AD11E8D274FA87E00D255A2 /* R.generated.swift in Sources */,
				1A37ED592758F6E800653E29 /* NoDigit.swift in Sources */,
				1AE534F6276610D300E07F83 /* OnlyCharVC.swift in Sources */,
				1A03A2E126F5B406007113E5 /* MainVC.swift in Sources */,
				1AB8952427649B8300DC9216 /* LimitCharacterVC.swift in Sources */,
				1A03A2DD26F5B406007113E5 /* AppDelegate.swift in Sources */,
				1A03A30226FC543E007113E5 /* UIView+NibLoading+Border.swift in Sources */,
				1AE534FE27662B3F00E07F83 /* PasswordVC.swift in Sources */,
				1A553FB7273CB345001A03AF /* RegularExpression+Matches.swift in Sources */,
				1A03A30526FDA596007113E5 /* UITextField+Border.swift in Sources */,
				1A77260B274DD26600851677 /* String+StringComparison.swift in Sources */,
				1A37ED5B2758F72200653E29 /* LimitCharacter.swift in Sources */,
				1AA344DE2732622600F8F6BA /* String+NSDataDetector.swift in Sources */,
				1A55385E2760C7CF0056D3A5 /* MainViewController.swift in Sources */,
				1A03A2DF26F5B406007113E5 /* SceneDelegate.swift in Sources */,
				1A55386527636CA60056D3A5 /* TitleView.swift in Sources */,
				1AD11E9D2750BE4B00D255A2 /* Localization.swift in Sources */,
				1AE534FA2766156800E07F83 /* LinkVC.swift in Sources */,
				1A471EDA271B4D440066CCB5 /* UILabel+SafeText.swift in Sources */,
				1A37ED5F2758F75700653E29 /* Link.swift in Sources */,
				1A5538612761B2FC0056D3A5 /* CustomPassValidation.swift in Sources */,
				1A03A2FA26F6EE53007113E5 /* SetTextFields.swift in Sources */,
				1A03868E272325CF00C281A4 /* Models.swift in Sources */,
				1A37ED5D2758F73C00653E29 /* OnlyCharacter.swift in Sources */,
			);
			runOnlyForDeploymentPostprocessing = 0;
		};
		1A55384D275F81370056D3A5 /* Sources */ = {
			isa = PBXSourcesBuildPhase;
			buildActionMask = 2147483647;
			files = (
				1AE5350027662BDA00E07F83 /* TestPassword.swift in Sources */,
				1A553856275F81370056D3A5 /* Text_FieldsUITestsLaunchTests.swift in Sources */,
				1AB8952227649A1500DC9216 /* TestLimitCharacter.swift in Sources */,
				1A5538632761D49C0056D3A5 /* IDElements.swift in Sources */,
				1AE534F82766118900E07F83 /* TestOnlyChat.swift in Sources */,
				1AB895202764743800DC9216 /* TestNoDigit.swift in Sources */,
				1A553854275F81370056D3A5 /* Text_FieldsUITests.swift in Sources */,
				1AE534FC276615DF00E07F83 /* TestLink.swift in Sources */,
			);
			runOnlyForDeploymentPostprocessing = 0;
		};
		1A9A63DB275C7FD200C32557 /* Sources */ = {
			isa = PBXSourcesBuildPhase;
			buildActionMask = 2147483647;
			files = (
				1A9A63E2275C7FD200C32557 /* Text_FieldsUnitTests.swift in Sources */,
			);
			runOnlyForDeploymentPostprocessing = 0;
		};
/* End PBXSourcesBuildPhase section */

/* Begin PBXTargetDependency section */
		1A553858275F81370056D3A5 /* PBXTargetDependency */ = {
			isa = PBXTargetDependency;
			target = 1A03A2D826F5B406007113E5 /* Text Fields */;
			targetProxy = 1A553857275F81370056D3A5 /* PBXContainerItemProxy */;
		};
		1A9A63E4275C7FD200C32557 /* PBXTargetDependency */ = {
			isa = PBXTargetDependency;
			target = 1A03A2D826F5B406007113E5 /* Text Fields */;
			targetProxy = 1A9A63E3275C7FD200C32557 /* PBXContainerItemProxy */;
		};
/* End PBXTargetDependency section */

/* Begin PBXVariantGroup section */
		1A03A2E226F5B406007113E5 /* Main.storyboard */ = {
			isa = PBXVariantGroup;
			children = (
				1A03A2E326F5B406007113E5 /* Base */,
			);
			name = Main.storyboard;
			sourceTree = "<group>";
		};
		1A03A2E726F5B407007113E5 /* LaunchScreen.storyboard */ = {
			isa = PBXVariantGroup;
			children = (
				1A03A2E826F5B407007113E5 /* Base */,
			);
			name = LaunchScreen.storyboard;
			sourceTree = "<group>";
		};
		1A63CEB427C0AE6F005FE3D6 /* Localizable.strings */ = {
			isa = PBXVariantGroup;
			children = (
				1A63CEB527C0AE6F005FE3D6 /* en */,
				1A63CEB727C0AE77005FE3D6 /* zh-HK */,
				1A63CEB827C0AE79005FE3D6 /* ru */,
				1A63CEB927C0AE7C005FE3D6 /* es */,
				1A63CEBA27C0AE7E005FE3D6 /* uk */,
			);
			name = Localizable.strings;
			sourceTree = "<group>";
		};
		1AD11E96274FBD8000D255A2 /* Localizable.strings */ = {
			isa = PBXVariantGroup;
			children = (
				1AD11E95274FBD8000D255A2 /* ru */,
				1AD11E9B2750B82800D255A2 /* en */,
				1AD11E9F2750CBA000D255A2 /* es */,
				1AD11EA12750CE7F00D255A2 /* uk */,
				1AC2F1A12754D3B0009B3009 /* zh-HK */,
			);
			name = Localizable.strings;
			sourceTree = "<group>";
		};
/* End PBXVariantGroup section */

/* Begin XCBuildConfiguration section */
		1A03A2EB26F5B407007113E5 /* Debug */ = {
			isa = XCBuildConfiguration;
			buildSettings = {
				ALWAYS_SEARCH_USER_PATHS = NO;
				CLANG_ANALYZER_LOCALIZABILITY_NONLOCALIZED = YES;
				CLANG_ANALYZER_NONNULL = YES;
				CLANG_ANALYZER_NUMBER_OBJECT_CONVERSION = YES_AGGRESSIVE;
				CLANG_CXX_LANGUAGE_STANDARD = "gnu++14";
				CLANG_CXX_LIBRARY = "libc++";
				CLANG_ENABLE_MODULES = YES;
				CLANG_ENABLE_OBJC_ARC = YES;
				CLANG_ENABLE_OBJC_WEAK = YES;
				CLANG_WARN_BLOCK_CAPTURE_AUTORELEASING = YES;
				CLANG_WARN_BOOL_CONVERSION = YES;
				CLANG_WARN_COMMA = YES;
				CLANG_WARN_CONSTANT_CONVERSION = YES;
				CLANG_WARN_DEPRECATED_OBJC_IMPLEMENTATIONS = YES;
				CLANG_WARN_DIRECT_OBJC_ISA_USAGE = YES_ERROR;
				CLANG_WARN_DOCUMENTATION_COMMENTS = YES;
				CLANG_WARN_EMPTY_BODY = YES;
				CLANG_WARN_ENUM_CONVERSION = YES;
				CLANG_WARN_INFINITE_RECURSION = YES;
				CLANG_WARN_INT_CONVERSION = YES;
				CLANG_WARN_NON_LITERAL_NULL_CONVERSION = YES;
				CLANG_WARN_OBJC_IMPLICIT_RETAIN_SELF = YES;
				CLANG_WARN_OBJC_LITERAL_CONVERSION = YES;
				CLANG_WARN_OBJC_ROOT_CLASS = YES_ERROR;
				CLANG_WARN_QUOTED_INCLUDE_IN_FRAMEWORK_HEADER = YES;
				CLANG_WARN_RANGE_LOOP_ANALYSIS = YES;
				CLANG_WARN_STRICT_PROTOTYPES = YES;
				CLANG_WARN_SUSPICIOUS_MOVE = YES;
				CLANG_WARN_UNGUARDED_AVAILABILITY = YES_AGGRESSIVE;
				CLANG_WARN_UNREACHABLE_CODE = YES;
				CLANG_WARN__DUPLICATE_METHOD_MATCH = YES;
				COPY_PHASE_STRIP = NO;
				DEBUG_INFORMATION_FORMAT = dwarf;
				ENABLE_STRICT_OBJC_MSGSEND = YES;
				ENABLE_TESTABILITY = YES;
				GCC_C_LANGUAGE_STANDARD = gnu11;
				GCC_DYNAMIC_NO_PIC = NO;
				GCC_NO_COMMON_BLOCKS = YES;
				GCC_OPTIMIZATION_LEVEL = 0;
				GCC_PREPROCESSOR_DEFINITIONS = (
					"DEBUG=1",
					"$(inherited)",
				);
				GCC_WARN_64_TO_32_BIT_CONVERSION = YES;
				GCC_WARN_ABOUT_RETURN_TYPE = YES_ERROR;
				GCC_WARN_UNDECLARED_SELECTOR = YES;
				GCC_WARN_UNINITIALIZED_AUTOS = YES_AGGRESSIVE;
				GCC_WARN_UNUSED_FUNCTION = YES;
				GCC_WARN_UNUSED_VARIABLE = YES;
				IPHONEOS_DEPLOYMENT_TARGET = 15.0;
				MTL_ENABLE_DEBUG_INFO = INCLUDE_SOURCE;
				MTL_FAST_MATH = YES;
				ONLY_ACTIVE_ARCH = YES;
				SDKROOT = iphoneos;
				SWIFT_ACTIVE_COMPILATION_CONDITIONS = DEBUG;
				SWIFT_OPTIMIZATION_LEVEL = "-Onone";
			};
			name = Debug;
		};
		1A03A2EC26F5B407007113E5 /* Release */ = {
			isa = XCBuildConfiguration;
			buildSettings = {
				ALWAYS_SEARCH_USER_PATHS = NO;
				CLANG_ANALYZER_LOCALIZABILITY_NONLOCALIZED = YES;
				CLANG_ANALYZER_NONNULL = YES;
				CLANG_ANALYZER_NUMBER_OBJECT_CONVERSION = YES_AGGRESSIVE;
				CLANG_CXX_LANGUAGE_STANDARD = "gnu++14";
				CLANG_CXX_LIBRARY = "libc++";
				CLANG_ENABLE_MODULES = YES;
				CLANG_ENABLE_OBJC_ARC = YES;
				CLANG_ENABLE_OBJC_WEAK = YES;
				CLANG_WARN_BLOCK_CAPTURE_AUTORELEASING = YES;
				CLANG_WARN_BOOL_CONVERSION = YES;
				CLANG_WARN_COMMA = YES;
				CLANG_WARN_CONSTANT_CONVERSION = YES;
				CLANG_WARN_DEPRECATED_OBJC_IMPLEMENTATIONS = YES;
				CLANG_WARN_DIRECT_OBJC_ISA_USAGE = YES_ERROR;
				CLANG_WARN_DOCUMENTATION_COMMENTS = YES;
				CLANG_WARN_EMPTY_BODY = YES;
				CLANG_WARN_ENUM_CONVERSION = YES;
				CLANG_WARN_INFINITE_RECURSION = YES;
				CLANG_WARN_INT_CONVERSION = YES;
				CLANG_WARN_NON_LITERAL_NULL_CONVERSION = YES;
				CLANG_WARN_OBJC_IMPLICIT_RETAIN_SELF = YES;
				CLANG_WARN_OBJC_LITERAL_CONVERSION = YES;
				CLANG_WARN_OBJC_ROOT_CLASS = YES_ERROR;
				CLANG_WARN_QUOTED_INCLUDE_IN_FRAMEWORK_HEADER = YES;
				CLANG_WARN_RANGE_LOOP_ANALYSIS = YES;
				CLANG_WARN_STRICT_PROTOTYPES = YES;
				CLANG_WARN_SUSPICIOUS_MOVE = YES;
				CLANG_WARN_UNGUARDED_AVAILABILITY = YES_AGGRESSIVE;
				CLANG_WARN_UNREACHABLE_CODE = YES;
				CLANG_WARN__DUPLICATE_METHOD_MATCH = YES;
				COPY_PHASE_STRIP = NO;
				DEBUG_INFORMATION_FORMAT = "dwarf-with-dsym";
				ENABLE_NS_ASSERTIONS = NO;
				ENABLE_STRICT_OBJC_MSGSEND = YES;
				GCC_C_LANGUAGE_STANDARD = gnu11;
				GCC_NO_COMMON_BLOCKS = YES;
				GCC_WARN_64_TO_32_BIT_CONVERSION = YES;
				GCC_WARN_ABOUT_RETURN_TYPE = YES_ERROR;
				GCC_WARN_UNDECLARED_SELECTOR = YES;
				GCC_WARN_UNINITIALIZED_AUTOS = YES_AGGRESSIVE;
				GCC_WARN_UNUSED_FUNCTION = YES;
				GCC_WARN_UNUSED_VARIABLE = YES;
				IPHONEOS_DEPLOYMENT_TARGET = 15.0;
				MTL_ENABLE_DEBUG_INFO = NO;
				MTL_FAST_MATH = YES;
				SDKROOT = iphoneos;
				SWIFT_COMPILATION_MODE = wholemodule;
				SWIFT_OPTIMIZATION_LEVEL = "-O";
				VALIDATE_PRODUCT = YES;
			};
			name = Release;
		};
		1A03A2EE26F5B407007113E5 /* Debug */ = {
			isa = XCBuildConfiguration;
			baseConfigurationReference = D94EB36A461526E9999CB28F /* Pods-Text Fields.debug.xcconfig */;
			buildSettings = {
				ASSETCATALOG_COMPILER_APPICON_NAME = AppIcon;
				ASSETCATALOG_COMPILER_GLOBAL_ACCENT_COLOR_NAME = AccentColor;
				CODE_SIGN_STYLE = Automatic;
				DEVELOPMENT_TEAM = 2TFP9B86SX;
				INFOPLIST_FILE = "$(SRCROOT)/Supporting Files/Info.plist";
				LD_RUNPATH_SEARCH_PATHS = (
					"$(inherited)",
					"@executable_path/Frameworks",
				);
				PRODUCT_BUNDLE_IDENTIFIER = "Inan.Text-Fields";
				PRODUCT_NAME = "$(TARGET_NAME)";
				SWIFT_VERSION = 5.0;
				TARGETED_DEVICE_FAMILY = "1,2";
			};
			name = Debug;
		};
		1A03A2EF26F5B407007113E5 /* Release */ = {
			isa = XCBuildConfiguration;
			baseConfigurationReference = CCC8C73A26850CED292C1E43 /* Pods-Text Fields.release.xcconfig */;
			buildSettings = {
				ASSETCATALOG_COMPILER_APPICON_NAME = AppIcon;
				ASSETCATALOG_COMPILER_GLOBAL_ACCENT_COLOR_NAME = AccentColor;
				CODE_SIGN_STYLE = Automatic;
				DEVELOPMENT_TEAM = 2TFP9B86SX;
				INFOPLIST_FILE = "$(SRCROOT)/Supporting Files/Info.plist";
				LD_RUNPATH_SEARCH_PATHS = (
					"$(inherited)",
					"@executable_path/Frameworks",
				);
				PRODUCT_BUNDLE_IDENTIFIER = "Inan.Text-Fields";
				PRODUCT_NAME = "$(TARGET_NAME)";
				SWIFT_VERSION = 5.0;
				TARGETED_DEVICE_FAMILY = "1,2";
			};
			name = Release;
		};
		1A553859275F81370056D3A5 /* Debug */ = {
			isa = XCBuildConfiguration;
			buildSettings = {
				CLANG_CXX_LANGUAGE_STANDARD = "gnu++17";
				CODE_SIGN_STYLE = Automatic;
				CURRENT_PROJECT_VERSION = 1;
				DEVELOPMENT_TEAM = 2TFP9B86SX;
				GENERATE_INFOPLIST_FILE = YES;
				LD_RUNPATH_SEARCH_PATHS = (
					"$(inherited)",
					"@executable_path/Frameworks",
					"@loader_path/Frameworks",
				);
				MARKETING_VERSION = 1.0;
				PRODUCT_BUNDLE_IDENTIFIER = "Inan.Text-FieldsUITests";
				PRODUCT_NAME = "$(TARGET_NAME)";
				SWIFT_EMIT_LOC_STRINGS = NO;
				SWIFT_VERSION = 5.0;
				TARGETED_DEVICE_FAMILY = "1,2";
				TEST_TARGET_NAME = "Text Fields";
			};
			name = Debug;
		};
		1A55385A275F81370056D3A5 /* Release */ = {
			isa = XCBuildConfiguration;
			buildSettings = {
				CLANG_CXX_LANGUAGE_STANDARD = "gnu++17";
				CODE_SIGN_STYLE = Automatic;
				CURRENT_PROJECT_VERSION = 1;
				DEVELOPMENT_TEAM = 2TFP9B86SX;
				GENERATE_INFOPLIST_FILE = YES;
				LD_RUNPATH_SEARCH_PATHS = (
					"$(inherited)",
					"@executable_path/Frameworks",
					"@loader_path/Frameworks",
				);
				MARKETING_VERSION = 1.0;
				PRODUCT_BUNDLE_IDENTIFIER = "Inan.Text-FieldsUITests";
				PRODUCT_NAME = "$(TARGET_NAME)";
				SWIFT_EMIT_LOC_STRINGS = NO;
				SWIFT_VERSION = 5.0;
				TARGETED_DEVICE_FAMILY = "1,2";
				TEST_TARGET_NAME = "Text Fields";
			};
			name = Release;
		};
		1A9A63E5275C7FD200C32557 /* Debug */ = {
			isa = XCBuildConfiguration;
			buildSettings = {
				BUNDLE_LOADER = "$(TEST_HOST)";
				CLANG_CXX_LANGUAGE_STANDARD = "gnu++17";
				CODE_SIGN_STYLE = Automatic;
				CURRENT_PROJECT_VERSION = 1;
				DEVELOPMENT_TEAM = 2TFP9B86SX;
				GENERATE_INFOPLIST_FILE = YES;
				LD_RUNPATH_SEARCH_PATHS = (
					"$(inherited)",
					"@executable_path/Frameworks",
					"@loader_path/Frameworks",
				);
				MARKETING_VERSION = 1.0;
				PRODUCT_BUNDLE_IDENTIFIER = "Inan.Text-FieldsUnitTests";
				PRODUCT_NAME = "$(TARGET_NAME)";
				SWIFT_EMIT_LOC_STRINGS = NO;
				SWIFT_VERSION = 5.0;
				TARGETED_DEVICE_FAMILY = "1,2";
				TEST_HOST = "$(BUILT_PRODUCTS_DIR)/Text Fields.app/Text Fields";
			};
			name = Debug;
		};
		1A9A63E6275C7FD200C32557 /* Release */ = {
			isa = XCBuildConfiguration;
			buildSettings = {
				BUNDLE_LOADER = "$(TEST_HOST)";
				CLANG_CXX_LANGUAGE_STANDARD = "gnu++17";
				CODE_SIGN_STYLE = Automatic;
				CURRENT_PROJECT_VERSION = 1;
				DEVELOPMENT_TEAM = 2TFP9B86SX;
				GENERATE_INFOPLIST_FILE = YES;
				LD_RUNPATH_SEARCH_PATHS = (
					"$(inherited)",
					"@executable_path/Frameworks",
					"@loader_path/Frameworks",
				);
				MARKETING_VERSION = 1.0;
				PRODUCT_BUNDLE_IDENTIFIER = "Inan.Text-FieldsUnitTests";
				PRODUCT_NAME = "$(TARGET_NAME)";
				SWIFT_EMIT_LOC_STRINGS = NO;
				SWIFT_VERSION = 5.0;
				TARGETED_DEVICE_FAMILY = "1,2";
				TEST_HOST = "$(BUILT_PRODUCTS_DIR)/Text Fields.app/Text Fields";
			};
			name = Release;
		};
/* End XCBuildConfiguration section */

/* Begin XCConfigurationList section */
		1A03A2D426F5B406007113E5 /* Build configuration list for PBXProject "Text Fields" */ = {
			isa = XCConfigurationList;
			buildConfigurations = (
				1A03A2EB26F5B407007113E5 /* Debug */,
				1A03A2EC26F5B407007113E5 /* Release */,
			);
			defaultConfigurationIsVisible = 0;
			defaultConfigurationName = Release;
		};
		1A03A2ED26F5B407007113E5 /* Build configuration list for PBXNativeTarget "Text Fields" */ = {
			isa = XCConfigurationList;
			buildConfigurations = (
				1A03A2EE26F5B407007113E5 /* Debug */,
				1A03A2EF26F5B407007113E5 /* Release */,
			);
			defaultConfigurationIsVisible = 0;
			defaultConfigurationName = Release;
		};
		1A55385B275F81370056D3A5 /* Build configuration list for PBXNativeTarget "Text FieldsUITests" */ = {
			isa = XCConfigurationList;
			buildConfigurations = (
				1A553859275F81370056D3A5 /* Debug */,
				1A55385A275F81370056D3A5 /* Release */,
			);
			defaultConfigurationIsVisible = 0;
			defaultConfigurationName = Release;
		};
		1A9A63E7275C7FD200C32557 /* Build configuration list for PBXNativeTarget "Text FieldsUnitTests" */ = {
			isa = XCConfigurationList;
			buildConfigurations = (
				1A9A63E5275C7FD200C32557 /* Debug */,
				1A9A63E6275C7FD200C32557 /* Release */,
			);
			defaultConfigurationIsVisible = 0;
			defaultConfigurationName = Release;
		};
/* End XCConfigurationList section */
	};
	rootObject = 1A03A2D126F5B406007113E5 /* Project object */;
}
